
Microsoft Visual Studio Solution File, Format Version 12.00
# Visual Studio Version 17
VisualStudioVersion = 17.4.33103.184
MinimumVisualStudioVersion = 10.0.40219.1
Project("{9A19103F-16F7-4668-BE54-9A1E7A4F7556}") = "FHTW.SWEN2.Places.UnitTests", "FHTW.SWEN2.Places.UnitTests\FHTW.SWEN2.Places.UnitTests.csproj", "{E0444DA0-F501-4A92-9E52-9FFCB221601E}"
EndProject
Project("{9A19103F-16F7-4668-BE54-9A1E7A4F7556}") = "FHTW.Swen2.Places.Model", "FHTW,Swen2.Places.Model\FHTW.Swen2.Places.Model.csproj", "{D57A0DAB-CE9A-484B-A90C-0487480CD1C7}"
EndProject
Project("{FAE04EC0-301F-11D3-BF4B-00C04F79EFBC}") = "FHTW.Swen2.Places", "FHTW.Swen2.Places\FHTW.Swen2.Places.csproj", "{7124D3C5-5DA3-4AC0-AF94-B62123B2CD0E}"
EndProject
Global
	GlobalSection(SolutionConfigurationPlatforms) = preSolution
		Debug|Any CPU = Debug|Any CPU
		Release|Any CPU = Release|Any CPU
	EndGlobalSection
	GlobalSection(ProjectConfigurationPlatforms) = postSolution
		{E0444DA0-F501-4A92-9E52-9FFCB221601E}.Debug|Any CPU.ActiveCfg = Debug|Any CPU
		{E0444DA0-F501-4A92-9E52-9FFCB221601E}.Debug|Any CPU.Build.0 = Debug|Any CPU
		{E0444DA0-F501-4A92-9E52-9FFCB221601E}.Release|Any CPU.ActiveCfg = Release|Any CPU
		{E0444DA0-F501-4A92-9E52-9FFCB221601E}.Release|Any CPU.Build.0 = Release|Any CPU
		{D57A0DAB-CE9A-484B-A90C-0487480CD1C7}.Debug|Any CPU.ActiveCfg = Debug|Any CPU
		{D57A0DAB-CE9A-484B-A90C-0487480CD1C7}.Debug|Any CPU.Build.0 = Debug|Any CPU
		{D57A0DAB-CE9A-484B-A90C-0487480CD1C7}.Release|Any CPU.ActiveCfg = Release|Any CPU
		{D57A0DAB-CE9A-484B-A90C-0487480CD1C7}.Release|Any CPU.Build.0 = Release|Any CPU
		{7124D3C5-5DA3-4AC0-AF94-B62123B2CD0E}.Debug|Any CPU.ActiveCfg = Debug|Any CPU
		{7124D3C5-5DA3-4AC0-AF94-B62123B2CD0E}.Debug|Any CPU.Build.0 = Debug|Any CPU
		{7124D3C5-5DA3-4AC0-AF94-B62123B2CD0E}.Release|Any CPU.ActiveCfg = Release|Any CPU
		{7124D3C5-5DA3-4AC0-AF94-B62123B2CD0E}.Release|Any CPU.Build.0 = Release|Any CPU
	EndGlobalSection
	GlobalSection(SolutionProperties) = preSolution
		HideSolutionNode = FALSE
	EndGlobalSection
	GlobalSection(ExtensibilityGlobals) = postSolution
		SolutionGuid = {6DF22298-D332-47D2-8E9A-78411DBD20E8}
	EndGlobalSection
EndGlobal
